{
  "lockfile_version": "1",
  "packages": {
    "bats@1.12.0": {
      "last_modified": "2026-03-21T07:29:51Z",
      "resolved": "github:NixOS/nixpkgs/09061f748ee21f68a089cd5d91ec1859cd93d0be#bats",
      "source": "devbox-search",
      "version": "1.12.0",
      "systems": {
        "aarch64-darwin": {
          "outputs": [
            {
              "name": "out",
              "path": "/nix/store/cf6x64q554kxbd4hrdz5wa7fpksqchl8-bats-1.12.0",
              "default": true
            }
          ],
          "store_path": "/nix/store/cf6x64q554kxbd4hrdz5wa7fpksqchl8-bats-1.12.0"
        },
        "aarch64-linux": {
          "outputs": [
            {
              "name": "out",
              "path": "/nix/store/bs1bpak7wqbbns9zm0dy8abprw40gyqi-bats-1.12.0",
              "default": true
            }
          ],
          "store_path": "/nix/store/bs1bpak7wqbbns9zm0dy8abprw40gyqi-bats-1.12.0"
        },
        "x86_64-darwin": {
          "outputs": [
            {
              "name": "out",
              "path": "/nix/store/8n192nfnqffnxqh9m4agr0gppa64ir5x-bats-1.12.0",
              "default": true
            }
          ],
          "store_path": "/nix/store/8n192nfnqffnxqh9m4agr0gppa64ir5x-bats-1.12.0"
        },
        "x86_64-linux": {
          "outputs": [
            {
              "name": "out",
              "path": "/nix/store/6lnqfzv0xh0nv5gm4a74kj5apa9czfbf-bats-1.12.0",
              "default": true
            }
          ],
          "store_path": "/nix/store/6lnqfzv0xh0nv5gm4a74kj5apa9czfbf-bats-1.12.0"
        }
      }
    },
    "github:NixOS/nixpkgs/nixpkgs-unstable": {
      "last_modified": "2026-03-30T07:26:21Z",
      "resolved": "github:NixOS/nixpkgs/15c6719d8c604779cf59e03c245ea61d3d7ab69b?lastModified=1774855581&narHash=sha256-YkreHeMgTCYvJ5fESV0YyqQK49bHGe2B51tH6claUh4%3D"
    }
  }
}
